
Microsoft Visual Studio Solution File, Format Version 12.00
# Visual Studio Version 16
VisualStudioVersion = 16.0.29806.167
MinimumVisualStudioVersion = 10.0.40219.1
Project("{FAE04EC0-301F-11D3-BF4B-00C04F79EFBC}") = "CsharpLearning1", "CsharpLearning1\CsharpLearning1.csproj", "{436476AE-7DF9-456D-BF9D-B78AB2430E34}"
EndProject
Global
	GlobalSection(SolutionConfigurationPlatforms) = preSolution
		Debug|Any CPU = Debug|Any CPU
		Release|Any CPU = Release|Any CPU
	EndGlobalSection
	GlobalSection(ProjectConfigurationPlatforms) = postSolution
		{436476AE-7DF9-456D-BF9D-B78AB2430E34}.Debug|Any CPU.ActiveCfg = Debug|Any CPU
		{436476AE-7DF9-456D-BF9D-B78AB2430E34}.Debug|Any CPU.Build.0 = Debug|Any CPU
		{436476AE-7DF9-456D-BF9D-B78AB2430E34}.Release|Any CPU.ActiveCfg = Release|Any CPU
		{436476AE-7DF9-456D-BF9D-B78AB2430E34}.Release|Any CPU.Build.0 = Release|Any CPU
	EndGlobalSection
	GlobalSection(SolutionProperties) = preSolution
		HideSolutionNode = FALSE
	EndGlobalSection
	GlobalSection(ExtensibilityGlobals) = postSolution
		SolutionGuid = {2BC9AB6E-A683-439F-93D0-0C7665837CF1}
	EndGlobalSection
EndGlobal
