
Microsoft Visual Studio Solution File, Format Version 12.00
# Visual Studio Version 16
VisualStudioVersion = 16.0.29806.167
MinimumVisualStudioVersion = 10.0.40219.1
Project("{8BC9CEB8-8B4A-11D0-8D11-00A0C91BC942}") = "MultiplicationClass", "MultiplicationClass\MultiplicationClass.vcxproj", "{69C663F5-7192-4251-B390-BC04832418CF}"
EndProject
Global
	GlobalSection(SolutionConfigurationPlatforms) = preSolution
		Debug|x64 = Debug|x64
		Debug|x86 = Debug|x86
		Release|x64 = Release|x64
		Release|x86 = Release|x86
	EndGlobalSection
	GlobalSection(ProjectConfigurationPlatforms) = postSolution
		{69C663F5-7192-4251-B390-BC04832418CF}.Debug|x64.ActiveCfg = Debug|x64
		{69C663F5-7192-4251-B390-BC04832418CF}.Debug|x64.Build.0 = Debug|x64
		{69C663F5-7192-4251-B390-BC04832418CF}.Debug|x86.ActiveCfg = Debug|Win32
		{69C663F5-7192-4251-B390-BC04832418CF}.Debug|x86.Build.0 = Debug|Win32
		{69C663F5-7192-4251-B390-BC04832418CF}.Release|x64.ActiveCfg = Release|x64
		{69C663F5-7192-4251-B390-BC04832418CF}.Release|x64.Build.0 = Release|x64
		{69C663F5-7192-4251-B390-BC04832418CF}.Release|x86.ActiveCfg = Release|Win32
		{69C663F5-7192-4251-B390-BC04832418CF}.Release|x86.Build.0 = Release|Win32
	EndGlobalSection
	GlobalSection(SolutionProperties) = preSolution
		HideSolutionNode = FALSE
	EndGlobalSection
	GlobalSection(ExtensibilityGlobals) = postSolution
		SolutionGuid = {E03E83A4-3EA9-4219-B659-828343F2C134}
	EndGlobalSection
EndGlobal
